
Microsoft Visual Studio Solution File, Format Version 12.00
# Visual Studio 15
VisualStudioVersion = 15.0.28010.2048
MinimumVisualStudioVersion = 10.0.40219.1
Project("{FAE04EC0-301F-11D3-BF4B-00C04F79EFBC}") = "IH.IhudBlog.Core", "IH.IhudBlog.Core\IH.IhudBlog.Core.csproj", "{298BE5D7-B492-4025-9329-5A6A1685E30D}"
EndProject
Project("{FAE04EC0-301F-11D3-BF4B-00C04F79EFBC}") = "IH.IhudBlog.Web", "IH.IhudBlog.Web\IH.IhudBlog.Web.csproj", "{F89D0D3F-322F-45ED-AF3A-66C4F0D76988}"
EndProject
Global
	GlobalSection(SolutionConfigurationPlatforms) = preSolution
		Debug|Any CPU = Debug|Any CPU
		Release|Any CPU = Release|Any CPU
	EndGlobalSection
	GlobalSection(ProjectConfigurationPlatforms) = postSolution
		{298BE5D7-B492-4025-9329-5A6A1685E30D}.Debug|Any CPU.ActiveCfg = Debug|Any CPU
		{298BE5D7-B492-4025-9329-5A6A1685E30D}.Debug|Any CPU.Build.0 = Debug|Any CPU
		{298BE5D7-B492-4025-9329-5A6A1685E30D}.Release|Any CPU.ActiveCfg = Release|Any CPU
		{298BE5D7-B492-4025-9329-5A6A1685E30D}.Release|Any CPU.Build.0 = Release|Any CPU
		{F89D0D3F-322F-45ED-AF3A-66C4F0D76988}.Debug|Any CPU.ActiveCfg = Debug|Any CPU
		{F89D0D3F-322F-45ED-AF3A-66C4F0D76988}.Debug|Any CPU.Build.0 = Debug|Any CPU
		{F89D0D3F-322F-45ED-AF3A-66C4F0D76988}.Release|Any CPU.ActiveCfg = Release|Any CPU
		{F89D0D3F-322F-45ED-AF3A-66C4F0D76988}.Release|Any CPU.Build.0 = Release|Any CPU
	EndGlobalSection
	GlobalSection(SolutionProperties) = preSolution
		HideSolutionNode = FALSE
	EndGlobalSection
	GlobalSection(ExtensibilityGlobals) = postSolution
		SolutionGuid = {85F450B8-0AFF-447C-B2A2-440B8D5442B1}
	EndGlobalSection
EndGlobal
